// !$*UTF8*$!
{
	archiveVersion = 1;
	classes = {
	};
	objectVersion = 50;
	objects = {

/* Begin PBXBuildFile section */
		D426ABD1255047770079E9AA /* FriendAnnotation.swift in Sources */ = {isa = PBXBuildFile; fileRef = D426ABD0255047770079E9AA /* FriendAnnotation.swift */; };
		D426ABD4255048080079E9AA /* Friend.swift in Sources */ = {isa = PBXBuildFile; fileRef = D426ABD3255048080079E9AA /* Friend.swift */; };
		D426ABD725505C860079E9AA /* FriendsDataStream.swift in Sources */ = {isa = PBXBuildFile; fileRef = D426ABD625505C860079E9AA /* FriendsDataStream.swift */; };
		D426ABDD2550605A0079E9AA /* Data.swift in Sources */ = {isa = PBXBuildFile; fileRef = D426ABDC2550605A0079E9AA /* Data.swift */; };
		D426ABE0255064E70079E9AA /* Logger.swift in Sources */ = {isa = PBXBuildFile; fileRef = D426ABDF255064E70079E9AA /* Logger.swift */; };
		D426ABE3255077140079E9AA /* FriendsDataListener.swift in Sources */ = {isa = PBXBuildFile; fileRef = D426ABE2255077140079E9AA /* FriendsDataListener.swift */; };
		D43BB4D525517B0D0051BBCA /* FriendAnnotationView.swift in Sources */ = {isa = PBXBuildFile; fileRef = D43BB4D425517B0D0051BBCA /* FriendAnnotationView.swift */; };
		D446BB2325511179008965B0 /* FriendUpdate.swift in Sources */ = {isa = PBXBuildFile; fileRef = D446BB2225511179008965B0 /* FriendUpdate.swift */; };
		D47DF67625503C430030F4E2 /* AppDelegate.swift in Sources */ = {isa = PBXBuildFile; fileRef = D47DF67525503C430030F4E2 /* AppDelegate.swift */; };
		D47DF67825503C430030F4E2 /* SceneDelegate.swift in Sources */ = {isa = PBXBuildFile; fileRef = D47DF67725503C430030F4E2 /* SceneDelegate.swift */; };
		D47DF67A25503C430030F4E2 /* MapVC.swift in Sources */ = {isa = PBXBuildFile; fileRef = D47DF67925503C430030F4E2 /* MapVC.swift */; };
		D47DF67D25503C430030F4E2 /* Main.storyboard in Resources */ = {isa = PBXBuildFile; fileRef = D47DF67B25503C430030F4E2 /* Main.storyboard */; };
		D47DF67F25503C450030F4E2 /* Assets.xcassets in Resources */ = {isa = PBXBuildFile; fileRef = D47DF67E25503C450030F4E2 /* Assets.xcassets */; };
		D47DF68225503C450030F4E2 /* LaunchScreen.storyboard in Resources */ = {isa = PBXBuildFile; fileRef = D47DF68025503C450030F4E2 /* LaunchScreen.storyboard */; };
		D47DF68E255040B60030F4E2 /* MapVM.swift in Sources */ = {isa = PBXBuildFile; fileRef = D47DF68D255040B60030F4E2 /* MapVM.swift */; };
/* End PBXBuildFile section */

/* Begin PBXFileReference section */
		D426ABD0255047770079E9AA /* FriendAnnotation.swift */ = {isa = PBXFileReference; lastKnownFileType = sourcecode.swift; path = FriendAnnotation.swift; sourceTree = "<group>"; };
		D426ABD3255048080079E9AA /* Friend.swift */ = {isa = PBXFileReference; lastKnownFileType = sourcecode.swift; path = Friend.swift; sourceTree = "<group>"; };
		D426ABD625505C860079E9AA /* FriendsDataStream.swift */ = {isa = PBXFileReference; lastKnownFileType = sourcecode.swift; path = FriendsDataStream.swift; sourceTree = "<group>"; };
		D426ABDC2550605A0079E9AA /* Data.swift */ = {isa = PBXFileReference; lastKnownFileType = sourcecode.swift; path = Data.swift; sourceTree = "<group>"; };
		D426ABDF255064E70079E9AA /* Logger.swift */ = {isa = PBXFileReference; lastKnownFileType = sourcecode.swift; path = Logger.swift; sourceTree = "<group>"; };
		D426ABE2255077140079E9AA /* FriendsDataListener.swift */ = {isa = PBXFileReference; lastKnownFileType = sourcecode.swift; path = FriendsDataListener.swift; sourceTree = "<group>"; };
		D43BB4D425517B0D0051BBCA /* FriendAnnotationView.swift */ = {isa = PBXFileReference; lastKnownFileType = sourcecode.swift; path = FriendAnnotationView.swift; sourceTree = "<group>"; };
		D446BB2225511179008965B0 /* FriendUpdate.swift */ = {isa = PBXFileReference; lastKnownFileType = sourcecode.swift; path = FriendUpdate.swift; sourceTree = "<group>"; };
		D47DF67225503C430030F4E2 /* printfulTask.app */ = {isa = PBXFileReference; explicitFileType = wrapper.application; includeInIndex = 0; path = printfulTask.app; sourceTree = BUILT_PRODUCTS_DIR; };
		D47DF67525503C430030F4E2 /* AppDelegate.swift */ = {isa = PBXFileReference; lastKnownFileType = sourcecode.swift; path = AppDelegate.swift; sourceTree = "<group>"; };
		D47DF67725503C430030F4E2 /* SceneDelegate.swift */ = {isa = PBXFileReference; lastKnownFileType = sourcecode.swift; path = SceneDelegate.swift; sourceTree = "<group>"; };
		D47DF67925503C430030F4E2 /* MapVC.swift */ = {isa = PBXFileReference; lastKnownFileType = sourcecode.swift; path = MapVC.swift; sourceTree = "<group>"; };
		D47DF67C25503C430030F4E2 /* Base */ = {isa = PBXFileReference; lastKnownFileType = file.storyboard; name = Base; path = Base.lproj/Main.storyboard; sourceTree = "<group>"; };
		D47DF67E25503C450030F4E2 /* Assets.xcassets */ = {isa = PBXFileReference; lastKnownFileType = folder.assetcatalog; path = Assets.xcassets; sourceTree = "<group>"; };
		D47DF68125503C450030F4E2 /* Base */ = {isa = PBXFileReference; lastKnownFileType = file.storyboard; name = Base; path = Base.lproj/LaunchScreen.storyboard; sourceTree = "<group>"; };
		D47DF68325503C450030F4E2 /* Info.plist */ = {isa = PBXFileReference; lastKnownFileType = text.plist.xml; path = Info.plist; sourceTree = "<group>"; };
		D47DF68D255040B60030F4E2 /* MapVM.swift */ = {isa = PBXFileReference; fileEncoding = 4; lastKnownFileType = sourcecode.swift; path = MapVM.swift; sourceTree = "<group>"; };
/* End PBXFileReference section */

/* Begin PBXFrameworksBuildPhase section */
		D47DF66F25503C430030F4E2 /* Frameworks */ = {
			isa = PBXFrameworksBuildPhase;
			buildActionMask = 2147483647;
			files = (
			);
			runOnlyForDeploymentPostprocessing = 0;
		};
/* End PBXFrameworksBuildPhase section */

/* Begin PBXGroup section */
		D426ABDB2550603F0079E9AA /* Extensions */ = {
			isa = PBXGroup;
			children = (
				D426ABDC2550605A0079E9AA /* Data.swift */,
			);
			path = Extensions;
			sourceTree = "<group>";
		};
		D47DF66925503C430030F4E2 = {
			isa = PBXGroup;
			children = (
				D47DF67425503C430030F4E2 /* printfulTask */,
				D47DF67325503C430030F4E2 /* Products */,
			);
			sourceTree = "<group>";
		};
		D47DF67325503C430030F4E2 /* Products */ = {
			isa = PBXGroup;
			children = (
				D47DF67225503C430030F4E2 /* printfulTask.app */,
			);
			name = Products;
			sourceTree = "<group>";
		};
		D47DF67425503C430030F4E2 /* printfulTask */ = {
			isa = PBXGroup;
			children = (
				D47DF67525503C430030F4E2 /* AppDelegate.swift */,
				D47DF67725503C430030F4E2 /* SceneDelegate.swift */,
				D47DF67925503C430030F4E2 /* MapVC.swift */,
				D43BB4D425517B0D0051BBCA /* FriendAnnotationView.swift */,
				D47DF68D255040B60030F4E2 /* MapVM.swift */,
				D47DF67B25503C430030F4E2 /* Main.storyboard */,
				D47DF67E25503C450030F4E2 /* Assets.xcassets */,
				D47DF68025503C450030F4E2 /* LaunchScreen.storyboard */,
				D47DF68325503C450030F4E2 /* Info.plist */,
				D426ABD0255047770079E9AA /* FriendAnnotation.swift */,
				D426ABD3255048080079E9AA /* Friend.swift */,
				D446BB2225511179008965B0 /* FriendUpdate.swift */,
				D426ABD625505C860079E9AA /* FriendsDataStream.swift */,
				D426ABE2255077140079E9AA /* FriendsDataListener.swift */,
				D426ABDF255064E70079E9AA /* Logger.swift */,
				D426ABDB2550603F0079E9AA /* Extensions */,
			);
			path = printfulTask;
			sourceTree = "<group>";
		};
/* End PBXGroup section */

/* Begin PBXNativeTarget section */
		D47DF67125503C430030F4E2 /* printfulTask */ = {
			isa = PBXNativeTarget;
			buildConfigurationList = D47DF68625503C450030F4E2 /* Build configuration list for PBXNativeTarget "printfulTask" */;
			buildPhases = (
				D47DF66E25503C430030F4E2 /* Sources */,
				D47DF66F25503C430030F4E2 /* Frameworks */,
				D47DF67025503C430030F4E2 /* Resources */,
			);
			buildRules = (
			);
			dependencies = (
			);
			name = printfulTask;
			productName = printfulTask;
			productReference = D47DF67225503C430030F4E2 /* printfulTask.app */;
			productType = "com.apple.product-type.application";
		};
/* End PBXNativeTarget section */

/* Begin PBXProject section */
		D47DF66A25503C430030F4E2 /* Project object */ = {
			isa = PBXProject;
			attributes = {
				LastSwiftUpdateCheck = 1200;
				LastUpgradeCheck = 1200;
				TargetAttributes = {
					D47DF67125503C430030F4E2 = {
						CreatedOnToolsVersion = 12.0.1;
					};
				};
			};
			buildConfigurationList = D47DF66D25503C430030F4E2 /* Build configuration list for PBXProject "printfulTask" */;
			compatibilityVersion = "Xcode 9.3";
			developmentRegion = en;
			hasScannedForEncodings = 0;
			knownRegions = (
				en,
				Base,
			);
			mainGroup = D47DF66925503C430030F4E2;
			productRefGroup = D47DF67325503C430030F4E2 /* Products */;
			projectDirPath = "";
			projectRoot = "";
			targets = (
				D47DF67125503C430030F4E2 /* printfulTask */,
			);
		};
/* End PBXProject section */

/* Begin PBXResourcesBuildPhase section */
		D47DF67025503C430030F4E2 /* Resources */ = {
			isa = PBXResourcesBuildPhase;
			buildActionMask = 2147483647;
			files = (
				D47DF68225503C450030F4E2 /* LaunchScreen.storyboard in Resources */,
				D47DF67F25503C450030F4E2 /* Assets.xcassets in Resources */,
				D47DF67D25503C430030F4E2 /* Main.storyboard in Resources */,
			);
			runOnlyForDeploymentPostprocessing = 0;
		};
/* End PBXResourcesBuildPhase section */

/* Begin PBXSourcesBuildPhase section */
		D47DF66E25503C430030F4E2 /* Sources */ = {
			isa = PBXSourcesBuildPhase;
			buildActionMask = 2147483647;
			files = (
				D47DF67A25503C430030F4E2 /* MapVC.swift in Sources */,
				D426ABE3255077140079E9AA /* FriendsDataListener.swift in Sources */,
				D47DF67625503C430030F4E2 /* AppDelegate.swift in Sources */,
				D43BB4D525517B0D0051BBCA /* FriendAnnotationView.swift in Sources */,
				D47DF67825503C430030F4E2 /* SceneDelegate.swift in Sources */,
				D426ABD4255048080079E9AA /* Friend.swift in Sources */,
				D426ABE0255064E70079E9AA /* Logger.swift in Sources */,
				D446BB2325511179008965B0 /* FriendUpdate.swift in Sources */,
				D426ABD725505C860079E9AA /* FriendsDataStream.swift in Sources */,
				D47DF68E255040B60030F4E2 /* MapVM.swift in Sources */,
				D426ABD1255047770079E9AA /* FriendAnnotation.swift in Sources */,
				D426ABDD2550605A0079E9AA /* Data.swift in Sources */,
			);
			runOnlyForDeploymentPostprocessing = 0;
		};
/* End PBXSourcesBuildPhase section */

/* Begin PBXVariantGroup section */
		D47DF67B25503C430030F4E2 /* Main.storyboard */ = {
			isa = PBXVariantGroup;
			children = (
				D47DF67C25503C430030F4E2 /* Base */,
			);
			name = Main.storyboard;
			sourceTree = "<group>";
		};
		D47DF68025503C450030F4E2 /* LaunchScreen.storyboard */ = {
			isa = PBXVariantGroup;
			children = (
				D47DF68125503C450030F4E2 /* Base */,
			);
			name = LaunchScreen.storyboard;
			sourceTree = "<group>";
		};
/* End PBXVariantGroup section */

/* Begin XCBuildConfiguration section */
		D47DF68425503C450030F4E2 /* Debug */ = {
			isa = XCBuildConfiguration;
			buildSettings = {
				ALWAYS_SEARCH_USER_PATHS = NO;
				CLANG_ANALYZER_NONNULL = YES;
				CLANG_ANALYZER_NUMBER_OBJECT_CONVERSION = YES_AGGRESSIVE;
				CLANG_CXX_LANGUAGE_STANDARD = "gnu++14";
				CLANG_CXX_LIBRARY = "libc++";
				CLANG_ENABLE_MODULES = YES;
				CLANG_ENABLE_OBJC_ARC = YES;
				CLANG_ENABLE_OBJC_WEAK = YES;
				CLANG_WARN_BLOCK_CAPTURE_AUTORELEASING = YES;
				CLANG_WARN_BOOL_CONVERSION = YES;
				CLANG_WARN_COMMA = YES;
				CLANG_WARN_CONSTANT_CONVERSION = YES;
				CLANG_WARN_DEPRECATED_OBJC_IMPLEMENTATIONS = YES;
				CLANG_WARN_DIRECT_OBJC_ISA_USAGE = YES_ERROR;
				CLANG_WARN_DOCUMENTATION_COMMENTS = YES;
				CLANG_WARN_EMPTY_BODY = YES;
				CLANG_WARN_ENUM_CONVERSION = YES;
				CLANG_WARN_INFINITE_RECURSION = YES;
				CLANG_WARN_INT_CONVERSION = YES;
				CLANG_WARN_NON_LITERAL_NULL_CONVERSION = YES;
				CLANG_WARN_OBJC_IMPLICIT_RETAIN_SELF = YES;
				CLANG_WARN_OBJC_LITERAL_CONVERSION = YES;
				CLANG_WARN_OBJC_ROOT_CLASS = YES_ERROR;
				CLANG_WARN_QUOTED_INCLUDE_IN_FRAMEWORK_HEADER = YES;
				CLANG_WARN_RANGE_LOOP_ANALYSIS = YES;
				CLANG_WARN_STRICT_PROTOTYPES = YES;
				CLANG_WARN_SUSPICIOUS_MOVE = YES;
				CLANG_WARN_UNGUARDED_AVAILABILITY = YES_AGGRESSIVE;
				CLANG_WARN_UNREACHABLE_CODE = YES;
				CLANG_WARN__DUPLICATE_METHOD_MATCH = YES;
				COPY_PHASE_STRIP = NO;
				DEBUG_INFORMATION_FORMAT = dwarf;
				ENABLE_STRICT_OBJC_MSGSEND = YES;
				ENABLE_TESTABILITY = YES;
				GCC_C_LANGUAGE_STANDARD = gnu11;
				GCC_DYNAMIC_NO_PIC = NO;
				GCC_NO_COMMON_BLOCKS = YES;
				GCC_OPTIMIZATION_LEVEL = 0;
				GCC_PREPROCESSOR_DEFINITIONS = (
					"DEBUG=1",
					"$(inherited)",
				);
				GCC_WARN_64_TO_32_BIT_CONVERSION = YES;
				GCC_WARN_ABOUT_RETURN_TYPE = YES_ERROR;
				GCC_WARN_UNDECLARED_SELECTOR = YES;
				GCC_WARN_UNINITIALIZED_AUTOS = YES_AGGRESSIVE;
				GCC_WARN_UNUSED_FUNCTION = YES;
				GCC_WARN_UNUSED_VARIABLE = YES;
				IPHONEOS_DEPLOYMENT_TARGET = 14.0;
				MTL_ENABLE_DEBUG_INFO = INCLUDE_SOURCE;
				MTL_FAST_MATH = YES;
				ONLY_ACTIVE_ARCH = YES;
				SDKROOT = iphoneos;
				SWIFT_ACTIVE_COMPILATION_CONDITIONS = DEBUG;
				SWIFT_OPTIMIZATION_LEVEL = "-Onone";
			};
			name = Debug;
		};
		D47DF68525503C450030F4E2 /* Release */ = {
			isa = XCBuildConfiguration;
			buildSettings = {
				ALWAYS_SEARCH_USER_PATHS = NO;
				CLANG_ANALYZER_NONNULL = YES;
				CLANG_ANALYZER_NUMBER_OBJECT_CONVERSION = YES_AGGRESSIVE;
				CLANG_CXX_LANGUAGE_STANDARD = "gnu++14";
				CLANG_CXX_LIBRARY = "libc++";
				CLANG_ENABLE_MODULES = YES;
				CLANG_ENABLE_OBJC_ARC = YES;
				CLANG_ENABLE_OBJC_WEAK = YES;
				CLANG_WARN_BLOCK_CAPTURE_AUTORELEASING = YES;
				CLANG_WARN_BOOL_CONVERSION = YES;
				CLANG_WARN_COMMA = YES;
				CLANG_WARN_CONSTANT_CONVERSION = YES;
				CLANG_WARN_DEPRECATED_OBJC_IMPLEMENTATIONS = YES;
				CLANG_WARN_DIRECT_OBJC_ISA_USAGE = YES_ERROR;
				CLANG_WARN_DOCUMENTATION_COMMENTS = YES;
				CLANG_WARN_EMPTY_BODY = YES;
				CLANG_WARN_ENUM_CONVERSION = YES;
				CLANG_WARN_INFINITE_RECURSION = YES;
				CLANG_WARN_INT_CONVERSION = YES;
				CLANG_WARN_NON_LITERAL_NULL_CONVERSION = YES;
				CLANG_WARN_OBJC_IMPLICIT_RETAIN_SELF = YES;
				CLANG_WARN_OBJC_LITERAL_CONVERSION = YES;
				CLANG_WARN_OBJC_ROOT_CLASS = YES_ERROR;
				CLANG_WARN_QUOTED_INCLUDE_IN_FRAMEWORK_HEADER = YES;
				CLANG_WARN_RANGE_LOOP_ANALYSIS = YES;
				CLANG_WARN_STRICT_PROTOTYPES = YES;
				CLANG_WARN_SUSPICIOUS_MOVE = YES;
				CLANG_WARN_UNGUARDED_AVAILABILITY = YES_AGGRESSIVE;
				CLANG_WARN_UNREACHABLE_CODE = YES;
				CLANG_WARN__DUPLICATE_METHOD_MATCH = YES;
				COPY_PHASE_STRIP = NO;
				DEBUG_INFORMATION_FORMAT = "dwarf-with-dsym";
				ENABLE_NS_ASSERTIONS = NO;
				ENABLE_STRICT_OBJC_MSGSEND = YES;
				GCC_C_LANGUAGE_STANDARD = gnu11;
				GCC_NO_COMMON_BLOCKS = YES;
				GCC_WARN_64_TO_32_BIT_CONVERSION = YES;
				GCC_WARN_ABOUT_RETURN_TYPE = YES_ERROR;
				GCC_WARN_UNDECLARED_SELECTOR = YES;
				GCC_WARN_UNINITIALIZED_AUTOS = YES_AGGRESSIVE;
				GCC_WARN_UNUSED_FUNCTION = YES;
				GCC_WARN_UNUSED_VARIABLE = YES;
				IPHONEOS_DEPLOYMENT_TARGET = 14.0;
				MTL_ENABLE_DEBUG_INFO = NO;
				MTL_FAST_MATH = YES;
				SDKROOT = iphoneos;
				SWIFT_COMPILATION_MODE = wholemodule;
				SWIFT_OPTIMIZATION_LEVEL = "-O";
				VALIDATE_PRODUCT = YES;
			};
			name = Release;
		};
		D47DF68725503C450030F4E2 /* Debug */ = {
			isa = XCBuildConfiguration;
			buildSettings = {
				ASSETCATALOG_COMPILER_APPICON_NAME = AppIcon;
				ASSETCATALOG_COMPILER_GLOBAL_ACCENT_COLOR_NAME = AccentColor;
				CODE_SIGN_STYLE = Automatic;
				DEVELOPMENT_TEAM = PA272Y5JK8;
				INFOPLIST_FILE = printfulTask/Info.plist;
				LD_RUNPATH_SEARCH_PATHS = (
					"$(inherited)",
					"@executable_path/Frameworks",
				);
				PRODUCT_BUNDLE_IDENTIFIER = com.hardijs.printfulTask;
				PRODUCT_NAME = "$(TARGET_NAME)";
				SWIFT_VERSION = 5.0;
				TARGETED_DEVICE_FAMILY = "1,2";
			};
			name = Debug;
		};
		D47DF68825503C450030F4E2 /* Release */ = {
			isa = XCBuildConfiguration;
			buildSettings = {
				ASSETCATALOG_COMPILER_APPICON_NAME = AppIcon;
				ASSETCATALOG_COMPILER_GLOBAL_ACCENT_COLOR_NAME = AccentColor;
				CODE_SIGN_STYLE = Automatic;
				DEVELOPMENT_TEAM = PA272Y5JK8;
				INFOPLIST_FILE = printfulTask/Info.plist;
				LD_RUNPATH_SEARCH_PATHS = (
					"$(inherited)",
					"@executable_path/Frameworks",
				);
				PRODUCT_BUNDLE_IDENTIFIER = com.hardijs.printfulTask;
				PRODUCT_NAME = "$(TARGET_NAME)";
				SWIFT_VERSION = 5.0;
				TARGETED_DEVICE_FAMILY = "1,2";
			};
			name = Release;
		};
/* End XCBuildConfiguration section */

/* Begin XCConfigurationList section */
		D47DF66D25503C430030F4E2 /* Build configuration list for PBXProject "printfulTask" */ = {
			isa = XCConfigurationList;
			buildConfigurations = (
				D47DF68425503C450030F4E2 /* Debug */,
				D47DF68525503C450030F4E2 /* Release */,
			);
			defaultConfigurationIsVisible = 0;
			defaultConfigurationName = Release;
		};
		D47DF68625503C450030F4E2 /* Build configuration list for PBXNativeTarget "printfulTask" */ = {
			isa = XCConfigurationList;
			buildConfigurations = (
				D47DF68725503C450030F4E2 /* Debug */,
				D47DF68825503C450030F4E2 /* Release */,
			);
			defaultConfigurationIsVisible = 0;
			defaultConfigurationName = Release;
		};
/* End XCConfigurationList section */
	};
	rootObject = D47DF66A25503C430030F4E2 /* Project object */;
}
